
Microsoft Visual Studio Solution File, Format Version 12.00
# Visual Studio Version 17
VisualStudioVersion = 17.3.32611.2
MinimumVisualStudioVersion = 10.0.40219.1
Project("{FAE04EC0-301F-11D3-BF4B-00C04F79EFBC}") = "dotnetCampus.WindowsAPICodePack", "dotnetCampus.WindowsAPICodePack\dotnetCampus.WindowsAPICodePack.csproj", "{3F05F61F-C794-40A5-8FA7-8AE75DE40626}"
EndProject
Global
	GlobalSection(SolutionConfigurationPlatforms) = preSolution
		Debug|Any CPU = Debug|Any CPU
		Release|Any CPU = Release|Any CPU
	EndGlobalSection
	GlobalSection(ProjectConfigurationPlatforms) = postSolution
		{3F05F61F-C794-40A5-8FA7-8AE75DE40626}.Debug|Any CPU.ActiveCfg = Debug|Any CPU
		{3F05F61F-C794-40A5-8FA7-8AE75DE40626}.Debug|Any CPU.Build.0 = Debug|Any CPU
		{3F05F61F-C794-40A5-8FA7-8AE75DE40626}.Release|Any CPU.ActiveCfg = Release|Any CPU
		{3F05F61F-C794-40A5-8FA7-8AE75DE40626}.Release|Any CPU.Build.0 = Release|Any CPU
	EndGlobalSection
	GlobalSection(SolutionProperties) = preSolution
		HideSolutionNode = FALSE
	EndGlobalSection
	GlobalSection(ExtensibilityGlobals) = postSolution
		SolutionGuid = {37B00334-6471-4D64-9375-CD2459214784}
	EndGlobalSection
EndGlobal
